{
  "lockfile_version": "1",
  "packages": {
    "github:NixOS/nixpkgs/nixpkgs-unstable": {
      "last_modified": "2025-05-18T01:51:26Z",
      "resolved": "github:NixOS/nixpkgs/8406224e30c258025cb8b31704bdb977a8f1f009?lastModified=1747533086&narHash=sha256-%2B8goyptSXa7qV0k5uPKyky58jpBjI%2FqkzsbwCZFvhRY%3D"
    },
    "go-task@latest": {
      "last_modified": "2025-05-16T20:19:48Z",
      "resolved": "github:NixOS/nixpkgs/12a55407652e04dcf2309436eb06fef0d3713ef3#go-task",
      "source": "devbox-search",
      "version": "3.43.3",
      "systems": {
        "aarch64-darwin": {
          "outputs": [
            {
              "name": "out",
              "path": "/nix/store/5h0ykqayf8kfxwqlawzxvm05hlq7n22c-go-task-3.43.3",
              "default": true
            }
          ],
          "store_path": "/nix/store/5h0ykqayf8kfxwqlawzxvm05hlq7n22c-go-task-3.43.3"
        },
        "aarch64-linux": {
          "outputs": [
            {
              "name": "out",
              "path": "/nix/store/xxl2rg7k3c95gk5s0kwj8p8055r4yldf-go-task-3.43.3",
              "default": true
            }
          ],
          "store_path": "/nix/store/xxl2rg7k3c95gk5s0kwj8p8055r4yldf-go-task-3.43.3"
        },
        "x86_64-darwin": {
          "outputs": [
            {
              "name": "out",
              "path": "/nix/store/4az7i4f6lm4ss77wnf8kklkr21hrfhns-go-task-3.43.3",
              "default": true
            }
          ],
          "store_path": "/nix/store/4az7i4f6lm4ss77wnf8kklkr21hrfhns-go-task-3.43.3"
        },
        "x86_64-linux": {
          "outputs": [
            {
              "name": "out",
              "path": "/nix/store/gjdgw1zhvl9hl7mmiw6ncpnpmpxlk2yb-go-task-3.43.3",
              "default": true
            }
          ],
          "store_path": "/nix/store/gjdgw1zhvl9hl7mmiw6ncpnpmpxlk2yb-go-task-3.43.3"
        }
      }
    },
    "go@latest": {
      "last_modified": "2025-05-16T20:19:48Z",
      "resolved": "github:NixOS/nixpkgs/12a55407652e04dcf2309436eb06fef0d3713ef3#go",
      "source": "devbox-search",
      "version": "1.24.3",
      "systems": {
        "aarch64-darwin": {
          "outputs": [
            {
              "name": "out",
              "path": "/nix/store/ps3admpzmc1ryvn9q7sw5xfd94dkrb3f-go-1.24.3",
              "default": true
            }
          ],
          "store_path": "/nix/store/ps3admpzmc1ryvn9q7sw5xfd94dkrb3f-go-1.24.3"
        },
        "aarch64-linux": {
          "outputs": [
            {
              "name": "out",
              "path": "/nix/store/45bnqhyyq40p91k3cjw0farx3hn1swx6-go-1.24.3",
              "default": true
            }
          ],
          "store_path": "/nix/store/45bnqhyyq40p91k3cjw0farx3hn1swx6-go-1.24.3"
        },
        "x86_64-darwin": {
          "outputs": [
            {
              "name": "out",
              "path": "/nix/store/9z2kb6hxij7pqi0fgcn9ijhpb7ajpazs-go-1.24.3",
              "default": true
            }
          ],
          "store_path": "/nix/store/9z2kb6hxij7pqi0fgcn9ijhpb7ajpazs-go-1.24.3"
        },
        "x86_64-linux": {
          "outputs": [
            {
              "name": "out",
              "path": "/nix/store/5xvi25nqmbrg58aixp4zgczilfnp7pwg-go-1.24.3",
              "default": true
            }
          ],
          "store_path": "/nix/store/5xvi25nqmbrg58aixp4zgczilfnp7pwg-go-1.24.3"
        }
      }
    },
    "gum@latest": {
      "last_modified": "2025-05-16T20:19:48Z",
      "resolved": "github:NixOS/nixpkgs/12a55407652e04dcf2309436eb06fef0d3713ef3#gum",
      "source": "devbox-search",
      "version": "0.16.0",
      "systems": {
        "aarch64-darwin": {
          "outputs": [
            {
              "name": "out",
              "path": "/nix/store/amyw3aaqgpchs5cq8hh3d1wdy1hxfjav-gum-0.16.0",
              "default": true
            }
          ],
          "store_path": "/nix/store/amyw3aaqgpchs5cq8hh3d1wdy1hxfjav-gum-0.16.0"
        },
        "aarch64-linux": {
          "outputs": [
            {
              "name": "out",
              "path": "/nix/store/l6v1k7zn25ndvm4axmsbf10b8v8g78jp-gum-0.16.0",
              "default": true
            }
          ],
          "store_path": "/nix/store/l6v1k7zn25ndvm4axmsbf10b8v8g78jp-gum-0.16.0"
        },
        "x86_64-darwin": {
          "outputs": [
            {
              "name": "out",
              "path": "/nix/store/mkz77pxvh7h0iamhwwbzmaamcbnri130-gum-0.16.0",
              "default": true
            }
          ],
          "store_path": "/nix/store/mkz77pxvh7h0iamhwwbzmaamcbnri130-gum-0.16.0"
        },
        "x86_64-linux": {
          "outputs": [
            {
              "name": "out",
              "path": "/nix/store/w094m6kjn97wa2wrvj4mrjng0fnzmpw3-gum-0.16.0",
              "default": true
            }
          ],
          "store_path": "/nix/store/w094m6kjn97wa2wrvj4mrjng0fnzmpw3-gum-0.16.0"
        }
      }
    },
    "jq@latest": {
      "last_modified": "2025-08-12T09:17:37Z",
      "resolved": "github:NixOS/nixpkgs/372d9eeeafa5b15913201e2b92e8e539ac7c64d1#jq",
      "source": "devbox-search",
      "version": "1.8.1",
      "systems": {
        "aarch64-darwin": {
          "outputs": [
            {
              "name": "bin",
              "path": "/nix/store/bk70k4fzjkki438jhl73ry55amwhvzkd-jq-1.8.1-bin",
              "default": true
            },
            {
              "name": "man",
              "path": "/nix/store/vn6dfky85mpw670m4c2zi61cvjcx1asj-jq-1.8.1-man",
              "default": true
            },
            {
              "name": "dev",
              "path": "/nix/store/4jjfl7vg6y26npsx078850sr5lghx8mi-jq-1.8.1-dev"
            },
            {
              "name": "doc",
              "path": "/nix/store/j8nb6pqjccz7j4nn4mqmx92yvgl31ajl-jq-1.8.1-doc"
            },
            {
              "name": "out",
              "path": "/nix/store/z7npa6zipbnn7akq0dzpvp6ldc53qvbl-jq-1.8.1"
            }
          ],
          "store_path": "/nix/store/bk70k4fzjkki438jhl73ry55amwhvzkd-jq-1.8.1-bin"
        },
        "aarch64-linux": {
          "outputs": [
            {
              "name": "bin",
              "path": "/nix/store/k881xdkfjqnyaclrq5n1lfxjnv1z70ds-jq-1.8.1-bin",
              "default": true
            },
            {
              "name": "man",
              "path": "/nix/store/51fwmry2hkrsdnzb9nngwhffm0rnha72-jq-1.8.1-man",
              "default": true
            },
            {
              "name": "dev",
              "path": "/nix/store/zbw60md1qi8bif7k5qmh9l4an8hx924g-jq-1.8.1-dev"
            },
            {
              "name": "doc",
              "path": "/nix/store/k19ngx2hsicd6qvl5lxx878ag9443pwq-jq-1.8.1-doc"
            },
            {
              "name": "out",
              "path": "/nix/store/5sq5gjdf3v9pc4b78mfx1v9vkzx65dhk-jq-1.8.1"
            }
          ],
          "store_path": "/nix/store/k881xdkfjqnyaclrq5n1lfxjnv1z70ds-jq-1.8.1-bin"
        },
        "x86_64-darwin": {
          "outputs": [
            {
              "name": "bin",
              "path": "/nix/store/n9hbqknz3fxayw3c4y2l7yipa7n975ic-jq-1.8.1-bin",
              "default": true
            },
            {
              "name": "man",
              "path": "/nix/store/46h6qyk0f9436w8pcvgx7h59j0ic41iv-jq-1.8.1-man",
              "default": true
            },
            {
              "name": "doc",
              "path": "/nix/store/ac3lal7kk1vbri37b2v5c1r8dq8356qs-jq-1.8.1-doc"
            },
            {
              "name": "out",
              "path": "/nix/store/n94wp81gr2ifwzy6fzc8andk4h2cmnia-jq-1.8.1"
            },
            {
              "name": "dev",
              "path": "/nix/store/frdhk9q6bvdpx6pjspxvp56wqmj5xrwr-jq-1.8.1-dev"
            }
          ],
          "store_path": "/nix/store/n9hbqknz3fxayw3c4y2l7yipa7n975ic-jq-1.8.1-bin"
        },
        "x86_64-linux": {
          "outputs": [
            {
              "name": "bin",
              "path": "/nix/store/kwxm52f2g9ap890pfj2j4ryzq2gj2i69-jq-1.8.1-bin",
              "default": true
            },
            {
              "name": "man",
              "path": "/nix/store/pdh9j4z29n3m1xahvssji96cfgk21a43-jq-1.8.1-man",
              "default": true
            },
            {
              "name": "out",
              "path": "/nix/store/mmi8dxjdsv8r9jxnyd3dqwqakxda1796-jq-1.8.1"
            },
            {
              "name": "dev",
              "path": "/nix/store/h0xayyfsl9f17bss0x1xhhz7c3n5fq43-jq-1.8.1-dev"
            },
            {
              "name": "doc",
              "path": "/nix/store/j9idg8al8k1fs1v3sm6axc9zsd8zj5vn-jq-1.8.1-doc"
            }
          ],
          "store_path": "/nix/store/kwxm52f2g9ap890pfj2j4ryzq2gj2i69-jq-1.8.1-bin"
        }
      }
    },
    "k9s@latest": {
      "last_modified": "2025-07-28T17:09:23Z",
      "resolved": "github:NixOS/nixpkgs/648f70160c03151bc2121d179291337ad6bc564b#k9s",
      "source": "devbox-search",
      "version": "0.50.9",
      "systems": {
        "aarch64-darwin": {
          "outputs": [
            {
              "name": "out",
              "path": "/nix/store/9lbspbg4vwqji66y5cjx4fdkzyc6gndc-k9s-0.50.9",
              "default": true
            }
          ],
          "store_path": "/nix/store/9lbspbg4vwqji66y5cjx4fdkzyc6gndc-k9s-0.50.9"
        },
        "aarch64-linux": {
          "outputs": [
            {
              "name": "out",
              "path": "/nix/store/0p2d1lqikd1ybji3zf8nffcj3s24a1lh-k9s-0.50.9",
              "default": true
            }
          ],
          "store_path": "/nix/store/0p2d1lqikd1ybji3zf8nffcj3s24a1lh-k9s-0.50.9"
        },
        "x86_64-darwin": {
          "outputs": [
            {
              "name": "out",
              "path": "/nix/store/fyh4dy9xcyi3wf5rclbhn6ihssxvnn6k-k9s-0.50.9",
              "default": true
            }
          ],
          "store_path": "/nix/store/fyh4dy9xcyi3wf5rclbhn6ihssxvnn6k-k9s-0.50.9"
        },
        "x86_64-linux": {
          "outputs": [
            {
              "name": "out",
              "path": "/nix/store/gjlg5swbvf9kx15da6qb6gpgmgf8a8zi-k9s-0.50.9",
              "default": true
            }
          ],
          "store_path": "/nix/store/gjlg5swbvf9kx15da6qb6gpgmgf8a8zi-k9s-0.50.9"
        }
      }
    },
    "kind@latest": {
      "last_modified": "2025-05-16T20:19:48Z",
      "resolved": "github:NixOS/nixpkgs/12a55407652e04dcf2309436eb06fef0d3713ef3#kind",
      "source": "devbox-search",
      "version": "0.27.0",
      "systems": {
        "aarch64-darwin": {
          "outputs": [
            {
              "name": "out",
              "path": "/nix/store/hxi2yz0v53i2vdjgrpiiw5f1l1xrn8ra-kind-0.27.0",
              "default": true
            }
          ],
          "store_path": "/nix/store/hxi2yz0v53i2vdjgrpiiw5f1l1xrn8ra-kind-0.27.0"
        },
        "aarch64-linux": {
          "outputs": [
            {
              "name": "out",
              "path": "/nix/store/0sa4hv12sq8q3m73g2kdav18yb0jbnmm-kind-0.27.0",
              "default": true
            }
          ],
          "store_path": "/nix/store/0sa4hv12sq8q3m73g2kdav18yb0jbnmm-kind-0.27.0"
        },
        "x86_64-darwin": {
          "outputs": [
            {
              "name": "out",
              "path": "/nix/store/dkm6ibjbk5ra51cvr637iy2gfcrlbqp0-kind-0.27.0",
              "default": true
            }
          ],
          "store_path": "/nix/store/dkm6ibjbk5ra51cvr637iy2gfcrlbqp0-kind-0.27.0"
        },
        "x86_64-linux": {
          "outputs": [
            {
              "name": "out",
              "path": "/nix/store/1f4qk0ga3550d8w4lvqvrf5jrjz59kdy-kind-0.27.0",
              "default": true
            }
          ],
          "store_path": "/nix/store/1f4qk0ga3550d8w4lvqvrf5jrjz59kdy-kind-0.27.0"
        }
      }
    },
    "kluctl@latest": {
      "last_modified": "2025-07-28T17:09:23Z",
      "resolved": "github:NixOS/nixpkgs/648f70160c03151bc2121d179291337ad6bc564b#kluctl",
      "source": "devbox-search",
      "version": "2.27.0",
      "systems": {
        "aarch64-darwin": {
          "outputs": [
            {
              "name": "out",
              "path": "/nix/store/7fi7c9f1bbrssqi8bc7yv1gdhy7y5w7w-kluctl-2.27.0",
              "default": true
            }
          ],
          "store_path": "/nix/store/7fi7c9f1bbrssqi8bc7yv1gdhy7y5w7w-kluctl-2.27.0"
        },
        "aarch64-linux": {
          "outputs": [
            {
              "name": "out",
              "path": "/nix/store/5jsjd5bziz8wlvvdzajxx9h4axd4rpys-kluctl-2.27.0",
              "default": true
            }
          ],
          "store_path": "/nix/store/5jsjd5bziz8wlvvdzajxx9h4axd4rpys-kluctl-2.27.0"
        },
        "x86_64-darwin": {
          "outputs": [
            {
              "name": "out",
              "path": "/nix/store/wd47qr5xhdydg5mibqscw13zbhzqkrgh-kluctl-2.27.0",
              "default": true
            }
          ],
          "store_path": "/nix/store/wd47qr5xhdydg5mibqscw13zbhzqkrgh-kluctl-2.27.0"
        },
        "x86_64-linux": {
          "outputs": [
            {
              "name": "out",
              "path": "/nix/store/i9kr13i01s4m96ip66lc6lpixm10glsy-kluctl-2.27.0",
              "default": true
            }
          ],
          "store_path": "/nix/store/i9kr13i01s4m96ip66lc6lpixm10glsy-kluctl-2.27.0"
        }
      }
    },
    "ko@latest": {
      "last_modified": "2025-07-28T17:09:23Z",
      "resolved": "github:NixOS/nixpkgs/648f70160c03151bc2121d179291337ad6bc564b#ko",
      "source": "devbox-search",
      "version": "0.18.0",
      "systems": {
        "aarch64-darwin": {
          "outputs": [
            {
              "name": "out",
              "path": "/nix/store/yn0y15brpcwqdif2qj8yn0x40nqf9mns-ko-0.18.0",
              "default": true
            }
          ],
          "store_path": "/nix/store/yn0y15brpcwqdif2qj8yn0x40nqf9mns-ko-0.18.0"
        },
        "aarch64-linux": {
          "outputs": [
            {
              "name": "out",
              "path": "/nix/store/y2axxnmkr8rlkbiz45yq5a5ajz4cni12-ko-0.18.0",
              "default": true
            }
          ],
          "store_path": "/nix/store/y2axxnmkr8rlkbiz45yq5a5ajz4cni12-ko-0.18.0"
        },
        "x86_64-darwin": {
          "outputs": [
            {
              "name": "out",
              "path": "/nix/store/1piw3apnqsd90nhjisjjrcx7a1v6p7a9-ko-0.18.0",
              "default": true
            }
          ],
          "store_path": "/nix/store/1piw3apnqsd90nhjisjjrcx7a1v6p7a9-ko-0.18.0"
        },
        "x86_64-linux": {
          "outputs": [
            {
              "name": "out",
              "path": "/nix/store/z6g8wh4gqhgd1dxx0h968n02xvf1hx4y-ko-0.18.0",
              "default": true
            }
          ],
          "store_path": "/nix/store/z6g8wh4gqhgd1dxx0h968n02xvf1hx4y-ko-0.18.0"
        }
      }
    },
    "kubectl@latest": {
      "last_modified": "2025-05-16T20:19:48Z",
      "resolved": "github:NixOS/nixpkgs/12a55407652e04dcf2309436eb06fef0d3713ef3#kubectl",
      "source": "devbox-search",
      "version": "1.33.0",
      "systems": {
        "aarch64-darwin": {
          "outputs": [
            {
              "name": "out",
              "path": "/nix/store/402qdc96z88sil3j4wgr780nqlfl7fvz-kubectl-1.33.0",
              "default": true
            },
            {
              "name": "man",
              "path": "/nix/store/a9xsp33pfmng1411zzank853is0dlk5q-kubectl-1.33.0-man",
              "default": true
            },
            {
              "name": "convert",
              "path": "/nix/store/xapln59nb67wbsvvcj8rqxh63nzvljwy-kubectl-1.33.0-convert"
            }
          ],
          "store_path": "/nix/store/402qdc96z88sil3j4wgr780nqlfl7fvz-kubectl-1.33.0"
        },
        "aarch64-linux": {
          "outputs": [
            {
              "name": "out",
              "path": "/nix/store/qms0pllz09sckfcrxyy03790jdryn802-kubectl-1.33.0",
              "default": true
            },
            {
              "name": "man",
              "path": "/nix/store/9jh6dknzzkjabs64zl4qrzfm8pnhx03l-kubectl-1.33.0-man",
              "default": true
            },
            {
              "name": "convert",
              "path": "/nix/store/mxnjb3lh156b0g0agfczhkrs6cyqx4is-kubectl-1.33.0-convert"
            }
          ],
          "store_path": "/nix/store/qms0pllz09sckfcrxyy03790jdryn802-kubectl-1.33.0"
        },
        "x86_64-darwin": {
          "outputs": [
            {
              "name": "out",
              "path": "/nix/store/ry8arpjf8x8gzcsb2gmdx360613lpxgz-kubectl-1.33.0",
              "default": true
            },
            {
              "name": "man",
              "path": "/nix/store/pnabai47mcqnnh0q3zzcbfsnhbl3dbnm-kubectl-1.33.0-man",
              "default": true
            },
            {
              "name": "convert",
              "path": "/nix/store/h3jb5f5lb7s6gz3522sk0gf458c3wmaq-kubectl-1.33.0-convert"
            }
          ],
          "store_path": "/nix/store/ry8arpjf8x8gzcsb2gmdx360613lpxgz-kubectl-1.33.0"
        },
        "x86_64-linux": {
          "outputs": [
            {
              "name": "out",
              "path": "/nix/store/f93la7iy82zzmhr9wc5rxh18yqajr95v-kubectl-1.33.0",
              "default": true
            },
            {
              "name": "man",
              "path": "/nix/store/ifif1zqv5k8z5ggpvh5x3iynhyc9ma5v-kubectl-1.33.0-man",
              "default": true
            },
            {
              "name": "convert",
              "path": "/nix/store/m5ng07c66w7aqxj26i9s8968k0b9k10x-kubectl-1.33.0-convert"
            }
          ],
          "store_path": "/nix/store/f93la7iy82zzmhr9wc5rxh18yqajr95v-kubectl-1.33.0"
        }
      }
    },
    "kubectx@latest": {
      "last_modified": "2025-05-16T20:19:48Z",
      "resolved": "github:NixOS/nixpkgs/12a55407652e04dcf2309436eb06fef0d3713ef3#kubectx",
      "source": "devbox-search",
      "version": "0.9.5",
      "systems": {
        "aarch64-darwin": {
          "outputs": [
            {
              "name": "out",
              "path": "/nix/store/v95vwkbic2zsbah72ax8zqppmaaglhg3-kubectx-0.9.5",
              "default": true
            }
          ],
          "store_path": "/nix/store/v95vwkbic2zsbah72ax8zqppmaaglhg3-kubectx-0.9.5"
        },
        "aarch64-linux": {
          "outputs": [
            {
              "name": "out",
              "path": "/nix/store/cknyw01hrqgw7hl5z5hq4xhdm7z7cl5g-kubectx-0.9.5",
              "default": true
            }
          ],
          "store_path": "/nix/store/cknyw01hrqgw7hl5z5hq4xhdm7z7cl5g-kubectx-0.9.5"
        },
        "x86_64-darwin": {
          "outputs": [
            {
              "name": "out",
              "path": "/nix/store/79h8kfnc06r75h7fk5v6wfwjci5kkwmb-kubectx-0.9.5",
              "default": true
            }
          ],
          "store_path": "/nix/store/79h8kfnc06r75h7fk5v6wfwjci5kkwmb-kubectx-0.9.5"
        },
        "x86_64-linux": {
          "outputs": [
            {
              "name": "out",
              "path": "/nix/store/cqwhwxb7iyfm31imc6v68p9655nmzzys-kubectx-0.9.5",
              "default": true
            }
          ],
          "store_path": "/nix/store/cqwhwxb7iyfm31imc6v68p9655nmzzys-kubectx-0.9.5"
        }
      }
    },
    "kubent@latest": {
      "last_modified": "2025-05-16T20:19:48Z",
      "resolved": "github:NixOS/nixpkgs/12a55407652e04dcf2309436eb06fef0d3713ef3#kubent",
      "source": "devbox-search",
      "version": "0.7.3",
      "systems": {
        "aarch64-darwin": {
          "outputs": [
            {
              "name": "out",
              "path": "/nix/store/qz826hdbqn2nfw96p395r83wmmgz2iix-kubent-0.7.3",
              "default": true
            }
          ],
          "store_path": "/nix/store/qz826hdbqn2nfw96p395r83wmmgz2iix-kubent-0.7.3"
        },
        "aarch64-linux": {
          "outputs": [
            {
              "name": "out",
              "path": "/nix/store/f9037kgayxmzsiybq8jqm7j2zl5d4hgz-kubent-0.7.3",
              "default": true
            }
          ],
          "store_path": "/nix/store/f9037kgayxmzsiybq8jqm7j2zl5d4hgz-kubent-0.7.3"
        },
        "x86_64-darwin": {
          "outputs": [
            {
              "name": "out",
              "path": "/nix/store/iaj3nws750yvfr27lbhb2pa8rq11kms9-kubent-0.7.3",
              "default": true
            }
          ],
          "store_path": "/nix/store/iaj3nws750yvfr27lbhb2pa8rq11kms9-kubent-0.7.3"
        },
        "x86_64-linux": {
          "outputs": [
            {
              "name": "out",
              "path": "/nix/store/splc1jyikq2pg4w76d6i8ymyd0rqlai5-kubent-0.7.3",
              "default": true
            }
          ],
          "store_path": "/nix/store/splc1jyikq2pg4w76d6i8ymyd0rqlai5-kubent-0.7.3"
        }
      }
    },
    "kubernetes-helm@latest": {
      "last_modified": "2025-07-28T17:09:23Z",
      "resolved": "github:NixOS/nixpkgs/648f70160c03151bc2121d179291337ad6bc564b#kubernetes-helm",
      "source": "devbox-search",
      "version": "3.18.4",
      "systems": {
        "aarch64-darwin": {
          "outputs": [
            {
              "name": "out",
              "path": "/nix/store/0cxdf30s34zacr305rbyavvnamx36hs4-kubernetes-helm-3.18.4",
              "default": true
            }
          ],
          "store_path": "/nix/store/0cxdf30s34zacr305rbyavvnamx36hs4-kubernetes-helm-3.18.4"
        },
        "aarch64-linux": {
          "outputs": [
            {
              "name": "out",
              "path": "/nix/store/2s4r0aik3lkdhjkhs7hj38pbk29fs968-kubernetes-helm-3.18.4",
              "default": true
            }
          ],
          "store_path": "/nix/store/2s4r0aik3lkdhjkhs7hj38pbk29fs968-kubernetes-helm-3.18.4"
        },
        "x86_64-darwin": {
          "outputs": [
            {
              "name": "out",
              "path": "/nix/store/y5wgqd0sr8grd59dzl77gc8907gb5078-kubernetes-helm-3.18.4",
              "default": true
            }
          ],
          "store_path": "/nix/store/y5wgqd0sr8grd59dzl77gc8907gb5078-kubernetes-helm-3.18.4"
        },
        "x86_64-linux": {
          "outputs": [
            {
              "name": "out",
              "path": "/nix/store/s77p25dg7dib28llm63b8xp0609gld5w-kubernetes-helm-3.18.4",
              "default": true
            }
          ],
          "store_path": "/nix/store/s77p25dg7dib28llm63b8xp0609gld5w-kubernetes-helm-3.18.4"
        }
      }
    },
    "kustomize@latest": {
      "last_modified": "2025-08-01T06:30:45Z",
      "resolved": "github:NixOS/nixpkgs/a7822a17050fedda63794775b9090880c8214290#kustomize",
      "source": "devbox-search",
      "version": "5.7.1",
      "systems": {
        "aarch64-darwin": {
          "outputs": [
            {
              "name": "out",
              "path": "/nix/store/96dvv6b7w0xmvjdyqa8k8hbl4q8k7ij6-kustomize-5.7.1",
              "default": true
            }
          ],
          "store_path": "/nix/store/96dvv6b7w0xmvjdyqa8k8hbl4q8k7ij6-kustomize-5.7.1"
        },
        "aarch64-linux": {
          "outputs": [
            {
              "name": "out",
              "path": "/nix/store/asmmvjq7s8adl4kqm5cyjnvclldch6mb-kustomize-5.7.1",
              "default": true
            }
          ],
          "store_path": "/nix/store/asmmvjq7s8adl4kqm5cyjnvclldch6mb-kustomize-5.7.1"
        },
        "x86_64-darwin": {
          "outputs": [
            {
              "name": "out",
              "path": "/nix/store/3l2q9qbddfg8cz47hs64ggvvls8q5953-kustomize-5.7.1",
              "default": true
            }
          ],
          "store_path": "/nix/store/3l2q9qbddfg8cz47hs64ggvvls8q5953-kustomize-5.7.1"
        },
        "x86_64-linux": {
          "outputs": [
            {
              "name": "out",
              "path": "/nix/store/w9lybkbpfp6c7fwi8cyygvfj3di2dcvg-kustomize-5.7.1",
              "default": true
            }
          ],
          "store_path": "/nix/store/w9lybkbpfp6c7fwi8cyygvfj3di2dcvg-kustomize-5.7.1"
        }
      }
    },
    "nodejs_20@latest": {
      "last_modified": "2025-08-10T04:38:50Z",
      "plugin_version": "0.0.2",
      "resolved": "github:NixOS/nixpkgs/641d909c4a7538f1539da9240dedb1755c907e40#nodejs_20",
      "source": "devbox-search",
      "version": "20.19.4",
      "systems": {
        "aarch64-darwin": {
          "outputs": [
            {
              "name": "out",
              "path": "/nix/store/2xza7g9y47n717w43qdd1ikc0y10qh16-nodejs-20.19.4",
              "default": true
            },
            {
              "name": "dev",
              "path": "/nix/store/yvcblmgwq9md8f2mpw8ra2cf3b7jkm7b-nodejs-20.19.4-dev"
            },
            {
              "name": "libv8",
              "path": "/nix/store/x5b5wq2qjfq9di05qlja0wd7ypqcnxc8-nodejs-20.19.4-libv8"
            }
          ],
          "store_path": "/nix/store/2xza7g9y47n717w43qdd1ikc0y10qh16-nodejs-20.19.4"
        },
        "aarch64-linux": {
          "outputs": [
            {
              "name": "out",
              "path": "/nix/store/rpk03376gp4vrjrahx11ncr50ji6cvhw-nodejs-20.19.4",
              "default": true
            },
            {
              "name": "dev",
              "path": "/nix/store/qai8hc7vnmxil2b9ab86gv2wrg5yx67q-nodejs-20.19.4-dev"
            },
            {
              "name": "libv8",
              "path": "/nix/store/4d388d34pvahifbini4a28wm1wzi9c6l-nodejs-20.19.4-libv8"
            }
          ],
          "store_path": "/nix/store/rpk03376gp4vrjrahx11ncr50ji6cvhw-nodejs-20.19.4"
        },
        "x86_64-darwin": {
          "outputs": [
            {
              "name": "out",
              "path": "/nix/store/x7ail2dy0fi3742yridnnk3hdlp16cls-nodejs-20.19.4",
              "default": true
            },
            {
              "name": "dev",
              "path": "/nix/store/pcjlzxxfrgvw9pp0ir5v58h7n1al9xrn-nodejs-20.19.4-dev"
            },
            {
              "name": "libv8",
              "path": "/nix/store/zjmxxl948wyf7vczhz56rh6nmmysm6bl-nodejs-20.19.4-libv8"
            }
          ],
          "store_path": "/nix/store/x7ail2dy0fi3742yridnnk3hdlp16cls-nodejs-20.19.4"
        },
        "x86_64-linux": {
          "outputs": [
            {
              "name": "out",
              "path": "/nix/store/l62aza10kx0xp1f235q2lbrzzqj5lcs9-nodejs-20.19.4",
              "default": true
            },
            {
              "name": "dev",
              "path": "/nix/store/a73v659hn20f543z519cmm3vplah8pns-nodejs-20.19.4-dev"
            },
            {
              "name": "libv8",
              "path": "/nix/store/5q0dhajwwv1pfwnkm79wphvgi19wi49c-nodejs-20.19.4-libv8"
            }
          ],
          "store_path": "/nix/store/l62aza10kx0xp1f235q2lbrzzqj5lcs9-nodejs-20.19.4"
        }
      }
    },
    "oras@latest": {
      "last_modified": "2025-08-11T16:06:55Z",
      "resolved": "github:NixOS/nixpkgs/4e942f9ef5b35526597c354d1ded817d1c285ef1#oras",
      "source": "devbox-search",
      "version": "1.2.3",
      "systems": {
        "aarch64-darwin": {
          "outputs": [
            {
              "name": "out",
              "path": "/nix/store/42wazzw9yax8izlv82zhy51pk8fczx1g-oras-1.2.3",
              "default": true
            }
          ],
          "store_path": "/nix/store/42wazzw9yax8izlv82zhy51pk8fczx1g-oras-1.2.3"
        },
        "aarch64-linux": {
          "outputs": [
            {
              "name": "out",
              "path": "/nix/store/f5af4kld2l3529xq1pv29062i3hbaj0d-oras-1.2.3",
              "default": true
            }
          ],
          "store_path": "/nix/store/f5af4kld2l3529xq1pv29062i3hbaj0d-oras-1.2.3"
        },
        "x86_64-darwin": {
          "outputs": [
            {
              "name": "out",
              "path": "/nix/store/sbbvfsdw5sh8gr9lcbpjhncxs3yaqab7-oras-1.2.3",
              "default": true
            }
          ],
          "store_path": "/nix/store/sbbvfsdw5sh8gr9lcbpjhncxs3yaqab7-oras-1.2.3"
        },
        "x86_64-linux": {
          "outputs": [
            {
              "name": "out",
              "path": "/nix/store/b37ilq0kvklbrjw0ml3y42xf1angx0vl-oras-1.2.3",
              "default": true
            }
          ],
          "store_path": "/nix/store/b37ilq0kvklbrjw0ml3y42xf1angx0vl-oras-1.2.3"
        }
      }
    },
    "poetry@latest": {
      "last_modified": "2025-08-11T23:54:17Z",
      "plugin_version": "0.0.4",
      "resolved": "github:NixOS/nixpkgs/5a983011e0f4b3b286aaa73e011ce32b1449a528#poetry",
      "source": "devbox-search",
      "version": "2.1.4",
      "systems": {
        "aarch64-darwin": {
          "outputs": [
            {
              "name": "out",
              "path": "/nix/store/40wdkwvhgyak26dvm7nvk79sazsp70p0-python3.13-poetry-2.1.4",
              "default": true
            },
            {
              "name": "dist",
              "path": "/nix/store/pqnpbi6kfcgpliwlw3d07n73iwd4zq10-python3.13-poetry-2.1.4-dist"
            }
          ],
          "store_path": "/nix/store/40wdkwvhgyak26dvm7nvk79sazsp70p0-python3.13-poetry-2.1.4"
        },
        "aarch64-linux": {
          "outputs": [
            {
              "name": "out",
              "path": "/nix/store/1wcnin7zb7p3kgb0a5rdr123k1zm5m79-python3.13-poetry-2.1.4",
              "default": true
            },
            {
              "name": "dist",
              "path": "/nix/store/x1y9vaw30ibdsp0c3q4k6kb9lsy125ah-python3.13-poetry-2.1.4-dist"
            }
          ],
          "store_path": "/nix/store/1wcnin7zb7p3kgb0a5rdr123k1zm5m79-python3.13-poetry-2.1.4"
        },
        "x86_64-darwin": {
          "outputs": [
            {
              "name": "out",
              "path": "/nix/store/ag8lzpbpacp6jfy7z7wjnkwbfic1ikms-python3.13-poetry-2.1.4",
              "default": true
            },
            {
              "name": "dist",
              "path": "/nix/store/4hjin62zaapxgysj7z72729s6ww7wk00-python3.13-poetry-2.1.4-dist"
            }
          ],
          "store_path": "/nix/store/ag8lzpbpacp6jfy7z7wjnkwbfic1ikms-python3.13-poetry-2.1.4"
        },
        "x86_64-linux": {
          "outputs": [
            {
              "name": "out",
              "path": "/nix/store/0in2k6jizc97cw3w4yivn2v3nipplfrb-python3.13-poetry-2.1.4",
              "default": true
            },
            {
              "name": "dist",
              "path": "/nix/store/k5hi65p5y654wi6llza3azcz1xx0l7i5-python3.13-poetry-2.1.4-dist"
            }
          ],
          "store_path": "/nix/store/0in2k6jizc97cw3w4yivn2v3nipplfrb-python3.13-poetry-2.1.4"
        }
      }
    },
    "procps": {
      "resolved": "github:NixOS/nixpkgs/8406224e30c258025cb8b31704bdb977a8f1f009?narHash=sha256-%2B8goyptSXa7qV0k5uPKyky58jpBjI%2FqkzsbwCZFvhRY%3D#procps",
      "source": "nixpkg"
    },
    "puppet-lint@latest": {
      "last_modified": "2025-05-16T20:19:48Z",
      "resolved": "github:NixOS/nixpkgs/12a55407652e04dcf2309436eb06fef0d3713ef3#puppet-lint",
      "source": "devbox-search",
      "version": "4.2.4",
      "systems": {
        "aarch64-darwin": {
          "outputs": [
            {
              "name": "out",
              "path": "/nix/store/wnbi3l7ic4qwhbc8lk1m2m5hbflpvv6r-puppet-lint-4.2.4",
              "default": true
            }
          ],
          "store_path": "/nix/store/wnbi3l7ic4qwhbc8lk1m2m5hbflpvv6r-puppet-lint-4.2.4"
        },
        "aarch64-linux": {
          "outputs": [
            {
              "name": "out",
              "path": "/nix/store/97w9h44bmsq4nf1djblh7q4npk1y583b-puppet-lint-4.2.4",
              "default": true
            }
          ],
          "store_path": "/nix/store/97w9h44bmsq4nf1djblh7q4npk1y583b-puppet-lint-4.2.4"
        },
        "x86_64-darwin": {
          "outputs": [
            {
              "name": "out",
              "path": "/nix/store/49srq92z22nd3vgx52zsjrwj68z549lm-puppet-lint-4.2.4",
              "default": true
            }
          ],
          "store_path": "/nix/store/49srq92z22nd3vgx52zsjrwj68z549lm-puppet-lint-4.2.4"
        },
        "x86_64-linux": {
          "outputs": [
            {
              "name": "out",
              "path": "/nix/store/g5j61sc293v33hg27gqan0ndaf6pg6hc-puppet-lint-4.2.4",
              "default": true
            }
          ],
          "store_path": "/nix/store/g5j61sc293v33hg27gqan0ndaf6pg6hc-puppet-lint-4.2.4"
        }
      }
    },
    "puppet@latest": {
      "last_modified": "2025-05-16T20:19:48Z",
      "resolved": "github:NixOS/nixpkgs/12a55407652e04dcf2309436eb06fef0d3713ef3#puppet",
      "source": "devbox-search",
      "version": "8.6.0",
      "systems": {
        "aarch64-darwin": {
          "outputs": [
            {
              "name": "out",
              "path": "/nix/store/9r4pp0gpziza30b8nn4k8b9mswmqbbaj-puppet-8.6.0",
              "default": true
            }
          ],
          "store_path": "/nix/store/9r4pp0gpziza30b8nn4k8b9mswmqbbaj-puppet-8.6.0"
        },
        "aarch64-linux": {
          "outputs": [
            {
              "name": "out",
              "path": "/nix/store/45cv2x9bq6v1lqq1wd4nmjnh3dd4c6nc-puppet-8.6.0",
              "default": true
            }
          ],
          "store_path": "/nix/store/45cv2x9bq6v1lqq1wd4nmjnh3dd4c6nc-puppet-8.6.0"
        },
        "x86_64-darwin": {
          "outputs": [
            {
              "name": "out",
              "path": "/nix/store/vf3nw92vql86kwxi1s2zhjnjb8i5plld-puppet-8.6.0",
              "default": true
            }
          ],
          "store_path": "/nix/store/vf3nw92vql86kwxi1s2zhjnjb8i5plld-puppet-8.6.0"
        },
        "x86_64-linux": {
          "outputs": [
            {
              "name": "out",
              "path": "/nix/store/rhl4qr1c1rqjha0ypwxm1k2w5qabi66g-puppet-8.6.0",
              "default": true
            }
          ],
          "store_path": "/nix/store/rhl4qr1c1rqjha0ypwxm1k2w5qabi66g-puppet-8.6.0"
        }
      }
    },
    "python3@latest": {
      "last_modified": "2025-01-06T03:40:18Z",
      "plugin_version": "0.0.4",
      "resolved": "github:NixOS/nixpkgs/3df3c47c19dc90fec35359e89ffb52b34d2b0e94#python3",
      "source": "devbox-search",
      "version": "3.12.8",
      "systems": {
        "aarch64-darwin": {
          "outputs": [
            {
              "name": "out",
              "path": "/nix/store/8zc3wcplydp8gsxms24scpzdca438dk5-python3-3.12.8",
              "default": true
            }
          ],
          "store_path": "/nix/store/8zc3wcplydp8gsxms24scpzdca438dk5-python3-3.12.8"
        },
        "aarch64-linux": {
          "outputs": [
            {
              "name": "out",
              "path": "/nix/store/66pn6ysmvx675061xaq2vz93s9vdc5p4-python3-3.12.8",
              "default": true
            },
            {
              "name": "debug",
              "path": "/nix/store/brcg3a34fi45ffky63g5pqd22sksvq13-python3-3.12.8-debug"
            }
          ],
          "store_path": "/nix/store/66pn6ysmvx675061xaq2vz93s9vdc5p4-python3-3.12.8"
        },
        "x86_64-darwin": {
          "outputs": [
            {
              "name": "out",
              "path": "/nix/store/fpmkmdzgd1q7kqadc7czcjdhjj7bsc0i-python3-3.12.8",
              "default": true
            }
          ],
          "store_path": "/nix/store/fpmkmdzgd1q7kqadc7czcjdhjj7bsc0i-python3-3.12.8"
        },
        "x86_64-linux": {
          "outputs": [
            {
              "name": "out",
              "path": "/nix/store/c9m6yd8fg1flz2j5r4bif1ib5j20a0cy-python3-3.12.8",
              "default": true
            },
            {
              "name": "debug",
              "path": "/nix/store/cicfrcjr8pky8qd0gxw0x84ynyviy6b5-python3-3.12.8-debug"
            }
          ],
          "store_path": "/nix/store/c9m6yd8fg1flz2j5r4bif1ib5j20a0cy-python3-3.12.8"
        }
      }
    },
    "ruby@latest": {
      "last_modified": "2025-05-16T20:19:48Z",
      "plugin_version": "0.0.2",
      "resolved": "github:NixOS/nixpkgs/12a55407652e04dcf2309436eb06fef0d3713ef3#ruby_3_4",
      "source": "devbox-search",
      "version": "3.4.3",
      "systems": {
        "aarch64-darwin": {
          "outputs": [
            {
              "name": "out",
              "path": "/nix/store/ywv4sfbj2c68akl9w1y788yfx70r8463-ruby-3.4.3",
              "default": true
            },
            {
              "name": "devdoc",
              "path": "/nix/store/xviy4h0g2yv2cx8vldazmmha8zrr499q-ruby-3.4.3-devdoc"
            }
          ],
          "store_path": "/nix/store/ywv4sfbj2c68akl9w1y788yfx70r8463-ruby-3.4.3"
        },
        "aarch64-linux": {
          "outputs": [
            {
              "name": "out",
              "path": "/nix/store/jpq4qpyhggaw5dqkjzzfpmq0lm6dyimy-ruby-3.4.3",
              "default": true
            },
            {
              "name": "devdoc",
              "path": "/nix/store/8b97wr7vglfnncq08lm0v9hx5lxaxjmp-ruby-3.4.3-devdoc"
            }
          ],
          "store_path": "/nix/store/jpq4qpyhggaw5dqkjzzfpmq0lm6dyimy-ruby-3.4.3"
        },
        "x86_64-darwin": {
          "outputs": [
            {
              "name": "out",
              "path": "/nix/store/fmx82fdw69lf5s3islqvxka7p1d9l9mb-ruby-3.4.3",
              "default": true
            },
            {
              "name": "devdoc",
              "path": "/nix/store/8pgzr5askl1x9lmhgwc93mj8yxlfvydm-ruby-3.4.3-devdoc"
            }
          ],
          "store_path": "/nix/store/fmx82fdw69lf5s3islqvxka7p1d9l9mb-ruby-3.4.3"
        },
        "x86_64-linux": {
          "outputs": [
            {
              "name": "out",
              "path": "/nix/store/5yi7qbrqbwqw8h9xjz56rx9904kykjlj-ruby-3.4.3",
              "default": true
            },
            {
              "name": "devdoc",
              "path": "/nix/store/4a0200ccz1igamyciwwp6wpaqbrj7ywc-ruby-3.4.3-devdoc"
            }
          ],
          "store_path": "/nix/store/5yi7qbrqbwqw8h9xjz56rx9904kykjlj-ruby-3.4.3"
        }
      }
    },
    "tilt@latest": {
      "last_modified": "2025-07-28T17:09:23Z",
      "resolved": "github:NixOS/nixpkgs/648f70160c03151bc2121d179291337ad6bc564b#tilt",
      "source": "devbox-search",
      "version": "0.35.0",
      "systems": {
        "aarch64-darwin": {
          "outputs": [
            {
              "name": "out",
              "path": "/nix/store/l6v4klpxrsmy2yrx940594q6fy4mvkhp-tilt-0.35.0",
              "default": true
            }
          ],
          "store_path": "/nix/store/l6v4klpxrsmy2yrx940594q6fy4mvkhp-tilt-0.35.0"
        },
        "aarch64-linux": {
          "outputs": [
            {
              "name": "out",
              "path": "/nix/store/wf2vh47xay3n2g60jvk0i8g4krl23jgm-tilt-0.35.0",
              "default": true
            }
          ],
          "store_path": "/nix/store/wf2vh47xay3n2g60jvk0i8g4krl23jgm-tilt-0.35.0"
        },
        "x86_64-darwin": {
          "outputs": [
            {
              "name": "out",
              "path": "/nix/store/75fanzxz06pi0l7avbbnjrqplh1ax16d-tilt-0.35.0",
              "default": true
            }
          ],
          "store_path": "/nix/store/75fanzxz06pi0l7avbbnjrqplh1ax16d-tilt-0.35.0"
        },
        "x86_64-linux": {
          "outputs": [
            {
              "name": "out",
              "path": "/nix/store/gb93p8b5lf5a64flfrj5cdc1vrvivsc2-tilt-0.35.0",
              "default": true
            }
          ],
          "store_path": "/nix/store/gb93p8b5lf5a64flfrj5cdc1vrvivsc2-tilt-0.35.0"
        }
      }
    },
    "yq-go@latest": {
      "last_modified": "2025-07-28T17:09:23Z",
      "resolved": "github:NixOS/nixpkgs/648f70160c03151bc2121d179291337ad6bc564b#yq-go",
      "source": "devbox-search",
      "version": "4.47.1",
      "systems": {
        "aarch64-darwin": {
          "outputs": [
            {
              "name": "out",
              "path": "/nix/store/c60vkx9c2hyp39ajq0v211j1yll5d4as-yq-go-4.47.1",
              "default": true
            }
          ],
          "store_path": "/nix/store/c60vkx9c2hyp39ajq0v211j1yll5d4as-yq-go-4.47.1"
        },
        "aarch64-linux": {
          "outputs": [
            {
              "name": "out",
              "path": "/nix/store/f7n0i12bhhq9ssv8n07pd8pmqarqbvhg-yq-go-4.47.1",
              "default": true
            }
          ],
          "store_path": "/nix/store/f7n0i12bhhq9ssv8n07pd8pmqarqbvhg-yq-go-4.47.1"
        },
        "x86_64-darwin": {
          "outputs": [
            {
              "name": "out",
              "path": "/nix/store/vga6ykbgq5hifmvwynk2w8pgncdqbgb9-yq-go-4.47.1",
              "default": true
            }
          ],
          "store_path": "/nix/store/vga6ykbgq5hifmvwynk2w8pgncdqbgb9-yq-go-4.47.1"
        },
        "x86_64-linux": {
          "outputs": [
            {
              "name": "out",
              "path": "/nix/store/b6j0gv68plxb5cxj2gwjdz8b998rpw87-yq-go-4.47.1",
              "default": true
            }
          ],
          "store_path": "/nix/store/b6j0gv68plxb5cxj2gwjdz8b998rpw87-yq-go-4.47.1"
        }
      }
    }
  }
}
