{
  "lockfile_version": "1",
  "packages": {
    "github:NixOS/nixpkgs/nixpkgs-unstable": {
      "last_modified": "2025-05-18T01:51:26Z",
      "resolved": "github:NixOS/nixpkgs/8406224e30c258025cb8b31704bdb977a8f1f009?lastModified=1747533086&narHash=sha256-%2B8goyptSXa7qV0k5uPKyky58jpBjI%2FqkzsbwCZFvhRY%3D"
    },
    "go-task@latest": {
      "last_modified": "2025-05-16T20:19:48Z",
      "resolved": "github:NixOS/nixpkgs/12a55407652e04dcf2309436eb06fef0d3713ef3#go-task",
      "source": "devbox-search",
      "version": "3.43.3",
      "systems": {
        "aarch64-darwin": {
          "outputs": [
            {
              "name": "out",
              "path": "/nix/store/5h0ykqayf8kfxwqlawzxvm05hlq7n22c-go-task-3.43.3",
              "default": true
            }
          ],
          "store_path": "/nix/store/5h0ykqayf8kfxwqlawzxvm05hlq7n22c-go-task-3.43.3"
        },
        "aarch64-linux": {
          "outputs": [
            {
              "name": "out",
              "path": "/nix/store/xxl2rg7k3c95gk5s0kwj8p8055r4yldf-go-task-3.43.3",
              "default": true
            }
          ],
          "store_path": "/nix/store/xxl2rg7k3c95gk5s0kwj8p8055r4yldf-go-task-3.43.3"
        },
        "x86_64-darwin": {
          "outputs": [
            {
              "name": "out",
              "path": "/nix/store/4az7i4f6lm4ss77wnf8kklkr21hrfhns-go-task-3.43.3",
              "default": true
            }
          ],
          "store_path": "/nix/store/4az7i4f6lm4ss77wnf8kklkr21hrfhns-go-task-3.43.3"
        },
        "x86_64-linux": {
          "outputs": [
            {
              "name": "out",
              "path": "/nix/store/gjdgw1zhvl9hl7mmiw6ncpnpmpxlk2yb-go-task-3.43.3",
              "default": true
            }
          ],
          "store_path": "/nix/store/gjdgw1zhvl9hl7mmiw6ncpnpmpxlk2yb-go-task-3.43.3"
        }
      }
    },
    "go@latest": {
      "last_modified": "2025-05-16T20:19:48Z",
      "resolved": "github:NixOS/nixpkgs/12a55407652e04dcf2309436eb06fef0d3713ef3#go",
      "source": "devbox-search",
      "version": "1.24.3",
      "systems": {
        "aarch64-darwin": {
          "outputs": [
            {
              "name": "out",
              "path": "/nix/store/ps3admpzmc1ryvn9q7sw5xfd94dkrb3f-go-1.24.3",
              "default": true
            }
          ],
          "store_path": "/nix/store/ps3admpzmc1ryvn9q7sw5xfd94dkrb3f-go-1.24.3"
        },
        "aarch64-linux": {
          "outputs": [
            {
              "name": "out",
              "path": "/nix/store/45bnqhyyq40p91k3cjw0farx3hn1swx6-go-1.24.3",
              "default": true
            }
          ],
          "store_path": "/nix/store/45bnqhyyq40p91k3cjw0farx3hn1swx6-go-1.24.3"
        },
        "x86_64-darwin": {
          "outputs": [
            {
              "name": "out",
              "path": "/nix/store/9z2kb6hxij7pqi0fgcn9ijhpb7ajpazs-go-1.24.3",
              "default": true
            }
          ],
          "store_path": "/nix/store/9z2kb6hxij7pqi0fgcn9ijhpb7ajpazs-go-1.24.3"
        },
        "x86_64-linux": {
          "outputs": [
            {
              "name": "out",
              "path": "/nix/store/5xvi25nqmbrg58aixp4zgczilfnp7pwg-go-1.24.3",
              "default": true
            }
          ],
          "store_path": "/nix/store/5xvi25nqmbrg58aixp4zgczilfnp7pwg-go-1.24.3"
        }
      }
    },
    "gum@latest": {
      "last_modified": "2025-05-16T20:19:48Z",
      "resolved": "github:NixOS/nixpkgs/12a55407652e04dcf2309436eb06fef0d3713ef3#gum",
      "source": "devbox-search",
      "version": "0.16.0",
      "systems": {
        "aarch64-darwin": {
          "outputs": [
            {
              "name": "out",
              "path": "/nix/store/amyw3aaqgpchs5cq8hh3d1wdy1hxfjav-gum-0.16.0",
              "default": true
            }
          ],
          "store_path": "/nix/store/amyw3aaqgpchs5cq8hh3d1wdy1hxfjav-gum-0.16.0"
        },
        "aarch64-linux": {
          "outputs": [
            {
              "name": "out",
              "path": "/nix/store/l6v1k7zn25ndvm4axmsbf10b8v8g78jp-gum-0.16.0",
              "default": true
            }
          ],
          "store_path": "/nix/store/l6v1k7zn25ndvm4axmsbf10b8v8g78jp-gum-0.16.0"
        },
        "x86_64-darwin": {
          "outputs": [
            {
              "name": "out",
              "path": "/nix/store/mkz77pxvh7h0iamhwwbzmaamcbnri130-gum-0.16.0",
              "default": true
            }
          ],
          "store_path": "/nix/store/mkz77pxvh7h0iamhwwbzmaamcbnri130-gum-0.16.0"
        },
        "x86_64-linux": {
          "outputs": [
            {
              "name": "out",
              "path": "/nix/store/w094m6kjn97wa2wrvj4mrjng0fnzmpw3-gum-0.16.0",
              "default": true
            }
          ],
          "store_path": "/nix/store/w094m6kjn97wa2wrvj4mrjng0fnzmpw3-gum-0.16.0"
        }
      }
    },
    "kind@latest": {
      "last_modified": "2025-05-16T20:19:48Z",
      "resolved": "github:NixOS/nixpkgs/12a55407652e04dcf2309436eb06fef0d3713ef3#kind",
      "source": "devbox-search",
      "version": "0.27.0",
      "systems": {
        "aarch64-darwin": {
          "outputs": [
            {
              "name": "out",
              "path": "/nix/store/hxi2yz0v53i2vdjgrpiiw5f1l1xrn8ra-kind-0.27.0",
              "default": true
            }
          ],
          "store_path": "/nix/store/hxi2yz0v53i2vdjgrpiiw5f1l1xrn8ra-kind-0.27.0"
        },
        "aarch64-linux": {
          "outputs": [
            {
              "name": "out",
              "path": "/nix/store/0sa4hv12sq8q3m73g2kdav18yb0jbnmm-kind-0.27.0",
              "default": true
            }
          ],
          "store_path": "/nix/store/0sa4hv12sq8q3m73g2kdav18yb0jbnmm-kind-0.27.0"
        },
        "x86_64-darwin": {
          "outputs": [
            {
              "name": "out",
              "path": "/nix/store/dkm6ibjbk5ra51cvr637iy2gfcrlbqp0-kind-0.27.0",
              "default": true
            }
          ],
          "store_path": "/nix/store/dkm6ibjbk5ra51cvr637iy2gfcrlbqp0-kind-0.27.0"
        },
        "x86_64-linux": {
          "outputs": [
            {
              "name": "out",
              "path": "/nix/store/1f4qk0ga3550d8w4lvqvrf5jrjz59kdy-kind-0.27.0",
              "default": true
            }
          ],
          "store_path": "/nix/store/1f4qk0ga3550d8w4lvqvrf5jrjz59kdy-kind-0.27.0"
        }
      }
    },
    "kubectl@latest": {
      "last_modified": "2025-05-16T20:19:48Z",
      "resolved": "github:NixOS/nixpkgs/12a55407652e04dcf2309436eb06fef0d3713ef3#kubectl",
      "source": "devbox-search",
      "version": "1.33.0",
      "systems": {
        "aarch64-darwin": {
          "outputs": [
            {
              "name": "out",
              "path": "/nix/store/402qdc96z88sil3j4wgr780nqlfl7fvz-kubectl-1.33.0",
              "default": true
            },
            {
              "name": "man",
              "path": "/nix/store/a9xsp33pfmng1411zzank853is0dlk5q-kubectl-1.33.0-man",
              "default": true
            },
            {
              "name": "convert",
              "path": "/nix/store/xapln59nb67wbsvvcj8rqxh63nzvljwy-kubectl-1.33.0-convert"
            }
          ],
          "store_path": "/nix/store/402qdc96z88sil3j4wgr780nqlfl7fvz-kubectl-1.33.0"
        },
        "aarch64-linux": {
          "outputs": [
            {
              "name": "out",
              "path": "/nix/store/qms0pllz09sckfcrxyy03790jdryn802-kubectl-1.33.0",
              "default": true
            },
            {
              "name": "man",
              "path": "/nix/store/9jh6dknzzkjabs64zl4qrzfm8pnhx03l-kubectl-1.33.0-man",
              "default": true
            },
            {
              "name": "convert",
              "path": "/nix/store/mxnjb3lh156b0g0agfczhkrs6cyqx4is-kubectl-1.33.0-convert"
            }
          ],
          "store_path": "/nix/store/qms0pllz09sckfcrxyy03790jdryn802-kubectl-1.33.0"
        },
        "x86_64-darwin": {
          "outputs": [
            {
              "name": "out",
              "path": "/nix/store/ry8arpjf8x8gzcsb2gmdx360613lpxgz-kubectl-1.33.0",
              "default": true
            },
            {
              "name": "man",
              "path": "/nix/store/pnabai47mcqnnh0q3zzcbfsnhbl3dbnm-kubectl-1.33.0-man",
              "default": true
            },
            {
              "name": "convert",
              "path": "/nix/store/h3jb5f5lb7s6gz3522sk0gf458c3wmaq-kubectl-1.33.0-convert"
            }
          ],
          "store_path": "/nix/store/ry8arpjf8x8gzcsb2gmdx360613lpxgz-kubectl-1.33.0"
        },
        "x86_64-linux": {
          "outputs": [
            {
              "name": "out",
              "path": "/nix/store/f93la7iy82zzmhr9wc5rxh18yqajr95v-kubectl-1.33.0",
              "default": true
            },
            {
              "name": "man",
              "path": "/nix/store/ifif1zqv5k8z5ggpvh5x3iynhyc9ma5v-kubectl-1.33.0-man",
              "default": true
            },
            {
              "name": "convert",
              "path": "/nix/store/m5ng07c66w7aqxj26i9s8968k0b9k10x-kubectl-1.33.0-convert"
            }
          ],
          "store_path": "/nix/store/f93la7iy82zzmhr9wc5rxh18yqajr95v-kubectl-1.33.0"
        }
      }
    },
    "kubectx@latest": {
      "last_modified": "2025-05-16T20:19:48Z",
      "resolved": "github:NixOS/nixpkgs/12a55407652e04dcf2309436eb06fef0d3713ef3#kubectx",
      "source": "devbox-search",
      "version": "0.9.5",
      "systems": {
        "aarch64-darwin": {
          "outputs": [
            {
              "name": "out",
              "path": "/nix/store/v95vwkbic2zsbah72ax8zqppmaaglhg3-kubectx-0.9.5",
              "default": true
            }
          ],
          "store_path": "/nix/store/v95vwkbic2zsbah72ax8zqppmaaglhg3-kubectx-0.9.5"
        },
        "aarch64-linux": {
          "outputs": [
            {
              "name": "out",
              "path": "/nix/store/cknyw01hrqgw7hl5z5hq4xhdm7z7cl5g-kubectx-0.9.5",
              "default": true
            }
          ],
          "store_path": "/nix/store/cknyw01hrqgw7hl5z5hq4xhdm7z7cl5g-kubectx-0.9.5"
        },
        "x86_64-darwin": {
          "outputs": [
            {
              "name": "out",
              "path": "/nix/store/79h8kfnc06r75h7fk5v6wfwjci5kkwmb-kubectx-0.9.5",
              "default": true
            }
          ],
          "store_path": "/nix/store/79h8kfnc06r75h7fk5v6wfwjci5kkwmb-kubectx-0.9.5"
        },
        "x86_64-linux": {
          "outputs": [
            {
              "name": "out",
              "path": "/nix/store/cqwhwxb7iyfm31imc6v68p9655nmzzys-kubectx-0.9.5",
              "default": true
            }
          ],
          "store_path": "/nix/store/cqwhwxb7iyfm31imc6v68p9655nmzzys-kubectx-0.9.5"
        }
      }
    },
    "kubent@latest": {
      "last_modified": "2025-05-16T20:19:48Z",
      "resolved": "github:NixOS/nixpkgs/12a55407652e04dcf2309436eb06fef0d3713ef3#kubent",
      "source": "devbox-search",
      "version": "0.7.3",
      "systems": {
        "aarch64-darwin": {
          "outputs": [
            {
              "name": "out",
              "path": "/nix/store/qz826hdbqn2nfw96p395r83wmmgz2iix-kubent-0.7.3",
              "default": true
            }
          ],
          "store_path": "/nix/store/qz826hdbqn2nfw96p395r83wmmgz2iix-kubent-0.7.3"
        },
        "aarch64-linux": {
          "outputs": [
            {
              "name": "out",
              "path": "/nix/store/f9037kgayxmzsiybq8jqm7j2zl5d4hgz-kubent-0.7.3",
              "default": true
            }
          ],
          "store_path": "/nix/store/f9037kgayxmzsiybq8jqm7j2zl5d4hgz-kubent-0.7.3"
        },
        "x86_64-darwin": {
          "outputs": [
            {
              "name": "out",
              "path": "/nix/store/iaj3nws750yvfr27lbhb2pa8rq11kms9-kubent-0.7.3",
              "default": true
            }
          ],
          "store_path": "/nix/store/iaj3nws750yvfr27lbhb2pa8rq11kms9-kubent-0.7.3"
        },
        "x86_64-linux": {
          "outputs": [
            {
              "name": "out",
              "path": "/nix/store/splc1jyikq2pg4w76d6i8ymyd0rqlai5-kubent-0.7.3",
              "default": true
            }
          ],
          "store_path": "/nix/store/splc1jyikq2pg4w76d6i8ymyd0rqlai5-kubent-0.7.3"
        }
      }
    },
    "libmysqlclient@latest": {
      "last_modified": "2025-07-13T22:45:35Z",
      "resolved": "github:NixOS/nixpkgs/a421ac6595024edcfbb1ef950a3712b89161c359#libmysqlclient",
      "source": "devbox-search",
      "version": "3.3.5",
      "systems": {
        "aarch64-darwin": {
          "outputs": [
            {
              "name": "out",
              "path": "/nix/store/3zddjxm0mg7lb359x66j2iliiq2rg3ry-mariadb-connector-c-3.3.5",
              "default": true
            },
            {
              "name": "dev",
              "path": "/nix/store/4xfy4nh7gaxf9lj44d1hc67f0xij6vap-mariadb-connector-c-3.3.5-dev"
            }
          ],
          "store_path": "/nix/store/3zddjxm0mg7lb359x66j2iliiq2rg3ry-mariadb-connector-c-3.3.5"
        },
        "aarch64-linux": {
          "outputs": [
            {
              "name": "out",
              "path": "/nix/store/52gl940x5w6hgnpa781zlqpmwxykrvjq-mariadb-connector-c-3.3.5",
              "default": true
            },
            {
              "name": "dev",
              "path": "/nix/store/9qkj54bbd2s15j0zp20484585pb75x9w-mariadb-connector-c-3.3.5-dev"
            }
          ],
          "store_path": "/nix/store/52gl940x5w6hgnpa781zlqpmwxykrvjq-mariadb-connector-c-3.3.5"
        },
        "x86_64-darwin": {
          "outputs": [
            {
              "name": "out",
              "path": "/nix/store/clmp65zkmcdph4gwilwy0k6nw3ykaz4z-mariadb-connector-c-3.3.5",
              "default": true
            },
            {
              "name": "dev",
              "path": "/nix/store/0znmjhj99qp3y49jdv1k9wyzkjnlkzyd-mariadb-connector-c-3.3.5-dev"
            }
          ],
          "store_path": "/nix/store/clmp65zkmcdph4gwilwy0k6nw3ykaz4z-mariadb-connector-c-3.3.5"
        },
        "x86_64-linux": {
          "outputs": [
            {
              "name": "out",
              "path": "/nix/store/bwg66qjrw7kx8lsz0w4irwm5d3dscpzs-mariadb-connector-c-3.3.5",
              "default": true
            },
            {
              "name": "dev",
              "path": "/nix/store/iqgk2srbr423spb8nd06p8lp7kpqip54-mariadb-connector-c-3.3.5-dev"
            }
          ],
          "store_path": "/nix/store/bwg66qjrw7kx8lsz0w4irwm5d3dscpzs-mariadb-connector-c-3.3.5"
        }
      }
    },
    "pkg-config@latest": {
      "last_modified": "2025-07-13T22:45:35Z",
      "resolved": "github:NixOS/nixpkgs/a421ac6595024edcfbb1ef950a3712b89161c359#pkg-config",
      "source": "devbox-search",
      "version": "0.29.2",
      "systems": {
        "aarch64-darwin": {
          "outputs": [
            {
              "name": "out",
              "path": "/nix/store/ln3ag9li111lb1z3d5kx85lmbwl02jxl-pkg-config-wrapper-0.29.2",
              "default": true
            },
            {
              "name": "man",
              "path": "/nix/store/mzinwf7wbz9bjpabxlf282jz063cqm0a-pkg-config-wrapper-0.29.2-man",
              "default": true
            },
            {
              "name": "doc",
              "path": "/nix/store/sjzdp47pc9islgv9yrb86v15z1fhl4s3-pkg-config-wrapper-0.29.2-doc"
            }
          ],
          "store_path": "/nix/store/ln3ag9li111lb1z3d5kx85lmbwl02jxl-pkg-config-wrapper-0.29.2"
        },
        "aarch64-linux": {
          "outputs": [
            {
              "name": "out",
              "path": "/nix/store/8xrwhdy4xjigawram5dbny74770464yi-pkg-config-wrapper-0.29.2",
              "default": true
            },
            {
              "name": "man",
              "path": "/nix/store/6wqf1vc84w4s7j0yyhakhjchf7fbbk9a-pkg-config-wrapper-0.29.2-man",
              "default": true
            },
            {
              "name": "doc",
              "path": "/nix/store/7f813rg7vj5ay0gvgwrjr7wf1j20j5rb-pkg-config-wrapper-0.29.2-doc"
            }
          ],
          "store_path": "/nix/store/8xrwhdy4xjigawram5dbny74770464yi-pkg-config-wrapper-0.29.2"
        },
        "x86_64-darwin": {
          "outputs": [
            {
              "name": "out",
              "path": "/nix/store/8awl29877crxfik0kypxcw2fgsj278qc-pkg-config-wrapper-0.29.2",
              "default": true
            },
            {
              "name": "man",
              "path": "/nix/store/0gyljbb8s4yq7hscv3330skbz6rnxshn-pkg-config-wrapper-0.29.2-man",
              "default": true
            },
            {
              "name": "doc",
              "path": "/nix/store/aynq77v8d0axk0x6v3asb3cbdsmvqyhn-pkg-config-wrapper-0.29.2-doc"
            }
          ],
          "store_path": "/nix/store/8awl29877crxfik0kypxcw2fgsj278qc-pkg-config-wrapper-0.29.2"
        },
        "x86_64-linux": {
          "outputs": [
            {
              "name": "out",
              "path": "/nix/store/rxz7i1sj19nrcmyk4sg49i2h1vfaazby-pkg-config-wrapper-0.29.2",
              "default": true
            },
            {
              "name": "man",
              "path": "/nix/store/z11lns38jrq1mb37cqlqwg19shgvnq1k-pkg-config-wrapper-0.29.2-man",
              "default": true
            },
            {
              "name": "doc",
              "path": "/nix/store/aq64w9jjm6gmizlxh1a362jjcfwlzsz2-pkg-config-wrapper-0.29.2-doc"
            }
          ],
          "store_path": "/nix/store/rxz7i1sj19nrcmyk4sg49i2h1vfaazby-pkg-config-wrapper-0.29.2"
        }
      }
    },
    "puppet-lint@latest": {
      "last_modified": "2025-05-16T20:19:48Z",
      "resolved": "github:NixOS/nixpkgs/12a55407652e04dcf2309436eb06fef0d3713ef3#puppet-lint",
      "source": "devbox-search",
      "version": "4.2.4",
      "systems": {
        "aarch64-darwin": {
          "outputs": [
            {
              "name": "out",
              "path": "/nix/store/wnbi3l7ic4qwhbc8lk1m2m5hbflpvv6r-puppet-lint-4.2.4",
              "default": true
            }
          ],
          "store_path": "/nix/store/wnbi3l7ic4qwhbc8lk1m2m5hbflpvv6r-puppet-lint-4.2.4"
        },
        "aarch64-linux": {
          "outputs": [
            {
              "name": "out",
              "path": "/nix/store/97w9h44bmsq4nf1djblh7q4npk1y583b-puppet-lint-4.2.4",
              "default": true
            }
          ],
          "store_path": "/nix/store/97w9h44bmsq4nf1djblh7q4npk1y583b-puppet-lint-4.2.4"
        },
        "x86_64-darwin": {
          "outputs": [
            {
              "name": "out",
              "path": "/nix/store/49srq92z22nd3vgx52zsjrwj68z549lm-puppet-lint-4.2.4",
              "default": true
            }
          ],
          "store_path": "/nix/store/49srq92z22nd3vgx52zsjrwj68z549lm-puppet-lint-4.2.4"
        },
        "x86_64-linux": {
          "outputs": [
            {
              "name": "out",
              "path": "/nix/store/g5j61sc293v33hg27gqan0ndaf6pg6hc-puppet-lint-4.2.4",
              "default": true
            }
          ],
          "store_path": "/nix/store/g5j61sc293v33hg27gqan0ndaf6pg6hc-puppet-lint-4.2.4"
        }
      }
    },
    "puppet@latest": {
      "last_modified": "2025-05-16T20:19:48Z",
      "resolved": "github:NixOS/nixpkgs/12a55407652e04dcf2309436eb06fef0d3713ef3#puppet",
      "source": "devbox-search",
      "version": "8.6.0",
      "systems": {
        "aarch64-darwin": {
          "outputs": [
            {
              "name": "out",
              "path": "/nix/store/9r4pp0gpziza30b8nn4k8b9mswmqbbaj-puppet-8.6.0",
              "default": true
            }
          ],
          "store_path": "/nix/store/9r4pp0gpziza30b8nn4k8b9mswmqbbaj-puppet-8.6.0"
        },
        "aarch64-linux": {
          "outputs": [
            {
              "name": "out",
              "path": "/nix/store/45cv2x9bq6v1lqq1wd4nmjnh3dd4c6nc-puppet-8.6.0",
              "default": true
            }
          ],
          "store_path": "/nix/store/45cv2x9bq6v1lqq1wd4nmjnh3dd4c6nc-puppet-8.6.0"
        },
        "x86_64-darwin": {
          "outputs": [
            {
              "name": "out",
              "path": "/nix/store/vf3nw92vql86kwxi1s2zhjnjb8i5plld-puppet-8.6.0",
              "default": true
            }
          ],
          "store_path": "/nix/store/vf3nw92vql86kwxi1s2zhjnjb8i5plld-puppet-8.6.0"
        },
        "x86_64-linux": {
          "outputs": [
            {
              "name": "out",
              "path": "/nix/store/rhl4qr1c1rqjha0ypwxm1k2w5qabi66g-puppet-8.6.0",
              "default": true
            }
          ],
          "store_path": "/nix/store/rhl4qr1c1rqjha0ypwxm1k2w5qabi66g-puppet-8.6.0"
        }
      }
    },
    "python3@latest": {
      "last_modified": "2025-01-06T03:40:18Z",
      "plugin_version": "0.0.4",
      "resolved": "github:NixOS/nixpkgs/3df3c47c19dc90fec35359e89ffb52b34d2b0e94#python3",
      "source": "devbox-search",
      "version": "3.12.8",
      "systems": {
        "aarch64-darwin": {
          "outputs": [
            {
              "name": "out",
              "path": "/nix/store/8zc3wcplydp8gsxms24scpzdca438dk5-python3-3.12.8",
              "default": true
            }
          ],
          "store_path": "/nix/store/8zc3wcplydp8gsxms24scpzdca438dk5-python3-3.12.8"
        },
        "aarch64-linux": {
          "outputs": [
            {
              "name": "out",
              "path": "/nix/store/66pn6ysmvx675061xaq2vz93s9vdc5p4-python3-3.12.8",
              "default": true
            },
            {
              "name": "debug",
              "path": "/nix/store/brcg3a34fi45ffky63g5pqd22sksvq13-python3-3.12.8-debug"
            }
          ],
          "store_path": "/nix/store/66pn6ysmvx675061xaq2vz93s9vdc5p4-python3-3.12.8"
        },
        "x86_64-darwin": {
          "outputs": [
            {
              "name": "out",
              "path": "/nix/store/fpmkmdzgd1q7kqadc7czcjdhjj7bsc0i-python3-3.12.8",
              "default": true
            }
          ],
          "store_path": "/nix/store/fpmkmdzgd1q7kqadc7czcjdhjj7bsc0i-python3-3.12.8"
        },
        "x86_64-linux": {
          "outputs": [
            {
              "name": "out",
              "path": "/nix/store/c9m6yd8fg1flz2j5r4bif1ib5j20a0cy-python3-3.12.8",
              "default": true
            },
            {
              "name": "debug",
              "path": "/nix/store/cicfrcjr8pky8qd0gxw0x84ynyviy6b5-python3-3.12.8-debug"
            }
          ],
          "store_path": "/nix/store/c9m6yd8fg1flz2j5r4bif1ib5j20a0cy-python3-3.12.8"
        }
      }
    },
    "ruby@latest": {
      "last_modified": "2025-05-16T20:19:48Z",
      "plugin_version": "0.0.2",
      "resolved": "github:NixOS/nixpkgs/12a55407652e04dcf2309436eb06fef0d3713ef3#ruby_3_4",
      "source": "devbox-search",
      "version": "3.4.3",
      "systems": {
        "aarch64-darwin": {
          "outputs": [
            {
              "name": "out",
              "path": "/nix/store/ywv4sfbj2c68akl9w1y788yfx70r8463-ruby-3.4.3",
              "default": true
            },
            {
              "name": "devdoc",
              "path": "/nix/store/xviy4h0g2yv2cx8vldazmmha8zrr499q-ruby-3.4.3-devdoc"
            }
          ],
          "store_path": "/nix/store/ywv4sfbj2c68akl9w1y788yfx70r8463-ruby-3.4.3"
        },
        "aarch64-linux": {
          "outputs": [
            {
              "name": "out",
              "path": "/nix/store/jpq4qpyhggaw5dqkjzzfpmq0lm6dyimy-ruby-3.4.3",
              "default": true
            },
            {
              "name": "devdoc",
              "path": "/nix/store/8b97wr7vglfnncq08lm0v9hx5lxaxjmp-ruby-3.4.3-devdoc"
            }
          ],
          "store_path": "/nix/store/jpq4qpyhggaw5dqkjzzfpmq0lm6dyimy-ruby-3.4.3"
        },
        "x86_64-darwin": {
          "outputs": [
            {
              "name": "out",
              "path": "/nix/store/fmx82fdw69lf5s3islqvxka7p1d9l9mb-ruby-3.4.3",
              "default": true
            },
            {
              "name": "devdoc",
              "path": "/nix/store/8pgzr5askl1x9lmhgwc93mj8yxlfvydm-ruby-3.4.3-devdoc"
            }
          ],
          "store_path": "/nix/store/fmx82fdw69lf5s3islqvxka7p1d9l9mb-ruby-3.4.3"
        },
        "x86_64-linux": {
          "outputs": [
            {
              "name": "out",
              "path": "/nix/store/5yi7qbrqbwqw8h9xjz56rx9904kykjlj-ruby-3.4.3",
              "default": true
            },
            {
              "name": "devdoc",
              "path": "/nix/store/4a0200ccz1igamyciwwp6wpaqbrj7ywc-ruby-3.4.3-devdoc"
            }
          ],
          "store_path": "/nix/store/5yi7qbrqbwqw8h9xjz56rx9904kykjlj-ruby-3.4.3"
        }
      }
    }
  }
}
